// !$*UTF8*$!
{
	archiveVersion = 1;
	classes = {
	};
	objectVersion = 56;
	objects = {

/* Begin PBXBuildFile section */
		110000000000000000000001 /* GymAppApp.swift in Sources */ = {isa = PBXBuildFile; fileRef = 110000000000000000000101 /* GymAppApp.swift */; };
		110000000000000000000002 /* WorkoutModels.swift in Sources */ = {isa = PBXBuildFile; fileRef = 110000000000000000000102 /* WorkoutModels.swift */; };
		110000000000000000000003 /* MarkdownWorkoutImporter.swift in Sources */ = {isa = PBXBuildFile; fileRef = 110000000000000000000103 /* MarkdownWorkoutImporter.swift */; };
		110000000000000000000004 /* WorkoutStore.swift in Sources */ = {isa = PBXBuildFile; fileRef = 110000000000000000000104 /* WorkoutStore.swift */; };
		110000000000000000000005 /* GymAppRootView.swift in Sources */ = {isa = PBXBuildFile; fileRef = 110000000000000000000105 /* GymAppRootView.swift */; };
		110000000000000000000006 /* TodayView.swift in Sources */ = {isa = PBXBuildFile; fileRef = 110000000000000000000106 /* TodayView.swift */; };
		110000000000000000000007 /* ActiveWorkoutView.swift in Sources */ = {isa = PBXBuildFile; fileRef = 110000000000000000000107 /* ActiveWorkoutView.swift */; };
		110000000000000000000008 /* PlanView.swift in Sources */ = {isa = PBXBuildFile; fileRef = 110000000000000000000108 /* PlanView.swift */; };
		110000000000000000000009 /* HistoryView.swift in Sources */ = {isa = PBXBuildFile; fileRef = 110000000000000000000109 /* HistoryView.swift */; };
		11000000000000000000000A /* SharedUI.swift in Sources */ = {isa = PBXBuildFile; fileRef = 11000000000000000000010A /* SharedUI.swift */; };
		11000000000000000000000B /* ExerciseCard.swift in Sources */ = {isa = PBXBuildFile; fileRef = 11000000000000000000010B /* ExerciseCard.swift */; };
		11000000000000000000000C /* SetRowEditor.swift in Sources */ = {isa = PBXBuildFile; fileRef = 11000000000000000000010C /* SetRowEditor.swift */; };
		11000000000000000000000D /* AddExerciseSheet.swift in Sources */ = {isa = PBXBuildFile; fileRef = 11000000000000000000010D /* AddExerciseSheet.swift */; };
		11000000000000000000000E /* SupersetSheet.swift in Sources */ = {isa = PBXBuildFile; fileRef = 11000000000000000000010E /* SupersetSheet.swift */; };
		110000000000000000000013 /* CalendarView.swift in Sources */ = {isa = PBXBuildFile; fileRef = 11000000000000000000010F /* CalendarView.swift */; };
		110000000000000000000014 /* LogPreviousWorkoutSheet.swift in Sources */ = {isa = PBXBuildFile; fileRef = 110000000000000000000110 /* LogPreviousWorkoutSheet.swift */; };
		110000000000000000000015 /* Assets.xcassets in Resources */ = {isa = PBXBuildFile; fileRef = 110000000000000000000111 /* Assets.xcassets */; };
		110000000000000000000016 /* exercemus-exercises.json in Resources */ = {isa = PBXBuildFile; fileRef = 110000000000000000000205 /* exercemus-exercises.json */; };
		11000000000000000000000F /* plan.md in Resources */ = {isa = PBXBuildFile; fileRef = 110000000000000000000201 /* plan.md */; };
		110000000000000000000010 /* 2026-04.md in Resources */ = {isa = PBXBuildFile; fileRef = 110000000000000000000202 /* 2026-04.md */; };
		110000000000000000000011 /* 2026-05.md in Resources */ = {isa = PBXBuildFile; fileRef = 110000000000000000000203 /* 2026-05.md */; };
		110000000000000000000012 /* 2026-06.md in Resources */ = {isa = PBXBuildFile; fileRef = 110000000000000000000204 /* 2026-06.md */; };
		220000000000000000000001 /* SetEntryTests.swift in Sources */ = {isa = PBXBuildFile; fileRef = 220000000000000000000101 /* SetEntryTests.swift */; };
		220000000000000000000002 /* WorkoutPlanTests.swift in Sources */ = {isa = PBXBuildFile; fileRef = 220000000000000000000102 /* WorkoutPlanTests.swift */; };
/* End PBXBuildFile section */

/* Begin PBXContainerItemProxy section */
		220000000000000000000200 /* PBXContainerItemProxy */ = {
			isa = PBXContainerItemProxy;
			containerPortal = 110000000000000000000061 /* Project object */;
			proxyType = 1;
			remoteGlobalIDString = 110000000000000000000060;
			remoteInfo = GymApp;
		};
/* End PBXContainerItemProxy section */

/* Begin PBXFileReference section */
		110000000000000000000020 /* GymApp.app */ = {isa = PBXFileReference; explicitFileType = wrapper.application; includeInIndex = 0; path = GymApp.app; sourceTree = BUILT_PRODUCTS_DIR; };
		220000000000000000000020 /* GymAppTests.xctest */ = {isa = PBXFileReference; explicitFileType = wrapper.cfbundle; includeInIndex = 0; path = GymAppTests.xctest; sourceTree = BUILT_PRODUCTS_DIR; };
		110000000000000000000101 /* GymAppApp.swift */ = {isa = PBXFileReference; lastKnownFileType = sourcecode.swift; path = GymAppApp.swift; sourceTree = "<group>"; };
		110000000000000000000102 /* WorkoutModels.swift */ = {isa = PBXFileReference; lastKnownFileType = sourcecode.swift; path = WorkoutModels.swift; sourceTree = "<group>"; };
		110000000000000000000103 /* MarkdownWorkoutImporter.swift */ = {isa = PBXFileReference; lastKnownFileType = sourcecode.swift; path = MarkdownWorkoutImporter.swift; sourceTree = "<group>"; };
		110000000000000000000104 /* WorkoutStore.swift */ = {isa = PBXFileReference; lastKnownFileType = sourcecode.swift; path = WorkoutStore.swift; sourceTree = "<group>"; };
		110000000000000000000105 /* GymAppRootView.swift */ = {isa = PBXFileReference; lastKnownFileType = sourcecode.swift; path = GymAppRootView.swift; sourceTree = "<group>"; };
		110000000000000000000106 /* TodayView.swift */ = {isa = PBXFileReference; lastKnownFileType = sourcecode.swift; path = TodayView.swift; sourceTree = "<group>"; };
		110000000000000000000107 /* ActiveWorkoutView.swift */ = {isa = PBXFileReference; lastKnownFileType = sourcecode.swift; path = ActiveWorkoutView.swift; sourceTree = "<group>"; };
		110000000000000000000108 /* PlanView.swift */ = {isa = PBXFileReference; lastKnownFileType = sourcecode.swift; path = PlanView.swift; sourceTree = "<group>"; };
		110000000000000000000109 /* HistoryView.swift */ = {isa = PBXFileReference; lastKnownFileType = sourcecode.swift; path = HistoryView.swift; sourceTree = "<group>"; };
		11000000000000000000010A /* SharedUI.swift */ = {isa = PBXFileReference; lastKnownFileType = sourcecode.swift; path = SharedUI.swift; sourceTree = "<group>"; };
		11000000000000000000010B /* ExerciseCard.swift */ = {isa = PBXFileReference; lastKnownFileType = sourcecode.swift; path = ExerciseCard.swift; sourceTree = "<group>"; };
		11000000000000000000010C /* SetRowEditor.swift */ = {isa = PBXFileReference; lastKnownFileType = sourcecode.swift; path = SetRowEditor.swift; sourceTree = "<group>"; };
		11000000000000000000010D /* AddExerciseSheet.swift */ = {isa = PBXFileReference; lastKnownFileType = sourcecode.swift; path = AddExerciseSheet.swift; sourceTree = "<group>"; };
		11000000000000000000010E /* SupersetSheet.swift */ = {isa = PBXFileReference; lastKnownFileType = sourcecode.swift; path = SupersetSheet.swift; sourceTree = "<group>"; };
		11000000000000000000010F /* CalendarView.swift */ = {isa = PBXFileReference; lastKnownFileType = sourcecode.swift; path = CalendarView.swift; sourceTree = "<group>"; };
		110000000000000000000110 /* LogPreviousWorkoutSheet.swift */ = {isa = PBXFileReference; lastKnownFileType = sourcecode.swift; path = LogPreviousWorkoutSheet.swift; sourceTree = "<group>"; };
		110000000000000000000111 /* Assets.xcassets */ = {isa = PBXFileReference; lastKnownFileType = folder.assetcatalog; path = Assets.xcassets; sourceTree = "<group>"; };
		110000000000000000000201 /* plan.md */ = {isa = PBXFileReference; lastKnownFileType = net.daringfireball.markdown; name = plan.md; path = "workout-tracker/plan.md"; sourceTree = SOURCE_ROOT; };
		110000000000000000000202 /* 2026-04.md */ = {isa = PBXFileReference; lastKnownFileType = net.daringfireball.markdown; name = "2026-04.md"; path = "workout-tracker/logs/2026-04.md"; sourceTree = SOURCE_ROOT; };
		110000000000000000000203 /* 2026-05.md */ = {isa = PBXFileReference; lastKnownFileType = net.daringfireball.markdown; name = "2026-05.md"; path = "workout-tracker/logs/2026-05.md"; sourceTree = SOURCE_ROOT; };
		110000000000000000000204 /* 2026-06.md */ = {isa = PBXFileReference; lastKnownFileType = net.daringfireball.markdown; name = "2026-06.md"; path = "workout-tracker/logs/2026-06.md"; sourceTree = SOURCE_ROOT; };
		110000000000000000000205 /* exercemus-exercises.json */ = {isa = PBXFileReference; lastKnownFileType = text.json; path = "GymApp/exercemus-exercises.json"; sourceTree = SOURCE_ROOT; };
		220000000000000000000101 /* SetEntryTests.swift */ = {isa = PBXFileReference; lastKnownFileType = sourcecode.swift; path = SetEntryTests.swift; sourceTree = "<group>"; };
		220000000000000000000102 /* WorkoutPlanTests.swift */ = {isa = PBXFileReference; lastKnownFileType = sourcecode.swift; path = WorkoutPlanTests.swift; sourceTree = "<group>"; };
/* End PBXFileReference section */

/* Begin PBXFrameworksBuildPhase section */
		110000000000000000000030 /* Frameworks */ = {
			isa = PBXFrameworksBuildPhase;
			buildActionMask = 2147483647;
			files = (
			);
			runOnlyForDeploymentPostprocessing = 0;
		};
		220000000000000000000030 /* Frameworks */ = {
			isa = PBXFrameworksBuildPhase;
			buildActionMask = 2147483647;
			files = (
			);
			runOnlyForDeploymentPostprocessing = 0;
		};
/* End PBXFrameworksBuildPhase section */

/* Begin PBXGroup section */
		110000000000000000000040 = {
			isa = PBXGroup;
			children = (
				110000000000000000000041 /* GymApp */,
				220000000000000000000041 /* GymAppTests */,
				110000000000000000000042 /* Seed Resources */,
				110000000000000000000050 /* Products */,
			);
			sourceTree = "<group>";
		};
		110000000000000000000041 /* GymApp */ = {
			isa = PBXGroup;
			children = (
				110000000000000000000101 /* GymAppApp.swift */,
				110000000000000000000111 /* Assets.xcassets */,
				110000000000000000000043 /* Models */,
				110000000000000000000044 /* Services */,
				110000000000000000000045 /* Views */,
				110000000000000000000046 /* Components */,
			);
			path = GymApp;
			sourceTree = "<group>";
		};
		110000000000000000000042 /* Seed Resources */ = {
			isa = PBXGroup;
			children = (
				110000000000000000000201 /* plan.md */,
				110000000000000000000202 /* 2026-04.md */,
				110000000000000000000203 /* 2026-05.md */,
				110000000000000000000204 /* 2026-06.md */,
				110000000000000000000205 /* exercemus-exercises.json */,
			);
			name = "Seed Resources";
			sourceTree = "<group>";
		};
		110000000000000000000043 /* Models */ = {
			isa = PBXGroup;
			children = (
				110000000000000000000102 /* WorkoutModels.swift */,
			);
			path = Models;
			sourceTree = "<group>";
		};
		110000000000000000000044 /* Services */ = {
			isa = PBXGroup;
			children = (
				110000000000000000000103 /* MarkdownWorkoutImporter.swift */,
				110000000000000000000104 /* WorkoutStore.swift */,
			);
			path = Services;
			sourceTree = "<group>";
		};
		110000000000000000000045 /* Views */ = {
			isa = PBXGroup;
			children = (
				110000000000000000000105 /* GymAppRootView.swift */,
				110000000000000000000106 /* TodayView.swift */,
				110000000000000000000107 /* ActiveWorkoutView.swift */,
				110000000000000000000108 /* PlanView.swift */,
				11000000000000000000010F /* CalendarView.swift */,
				110000000000000000000109 /* HistoryView.swift */,
			);
			path = Views;
			sourceTree = "<group>";
		};
		110000000000000000000046 /* Components */ = {
			isa = PBXGroup;
			children = (
				11000000000000000000010A /* SharedUI.swift */,
				11000000000000000000010B /* ExerciseCard.swift */,
				11000000000000000000010C /* SetRowEditor.swift */,
				11000000000000000000010D /* AddExerciseSheet.swift */,
				11000000000000000000010E /* SupersetSheet.swift */,
				110000000000000000000110 /* LogPreviousWorkoutSheet.swift */,
			);
			path = Components;
			sourceTree = "<group>";
		};
		110000000000000000000050 /* Products */ = {
			isa = PBXGroup;
			children = (
				110000000000000000000020 /* GymApp.app */,
				220000000000000000000020 /* GymAppTests.xctest */,
			);
			name = Products;
			sourceTree = "<group>";
		};
		220000000000000000000041 /* GymAppTests */ = {
			isa = PBXGroup;
			children = (
				220000000000000000000101 /* SetEntryTests.swift */,
				220000000000000000000102 /* WorkoutPlanTests.swift */,
			);
			path = GymAppTests;
			sourceTree = "<group>";
		};
/* End PBXGroup section */

/* Begin PBXNativeTarget section */
		110000000000000000000060 /* GymApp */ = {
			isa = PBXNativeTarget;
			buildConfigurationList = 110000000000000000000090 /* Build configuration list for PBXNativeTarget "GymApp" */;
			buildPhases = (
				110000000000000000000070 /* Sources */,
				110000000000000000000080 /* Resources */,
				110000000000000000000030 /* Frameworks */,
			);
			buildRules = (
			);
			dependencies = (
			);
			name = GymApp;
			productName = GymApp;
			productReference = 110000000000000000000020 /* GymApp.app */;
			productType = "com.apple.product-type.application";
		};
		220000000000000000000060 /* GymAppTests */ = {
			isa = PBXNativeTarget;
			buildConfigurationList = 220000000000000000000090 /* Build configuration list for PBXNativeTarget "GymAppTests" */;
			buildPhases = (
				220000000000000000000070 /* Sources */,
				220000000000000000000030 /* Frameworks */,
			);
			buildRules = (
			);
			dependencies = (
				220000000000000000000201 /* PBXTargetDependency */,
			);
			name = GymAppTests;
			productName = GymAppTests;
			productReference = 220000000000000000000020 /* GymAppTests.xctest */;
			productType = "com.apple.product-type.bundle.unit-test";
		};
/* End PBXNativeTarget section */

/* Begin PBXProject section */
		110000000000000000000061 /* Project object */ = {
			isa = PBXProject;
			attributes = {
				BuildIndependentTargetsInParallel = 1;
				LastSwiftUpdateCheck = 2660;
				LastUpgradeCheck = 2660;
				TargetAttributes = {
					110000000000000000000060 = {
						CreatedOnToolsVersion = 26.6;
					};
					220000000000000000000060 = {
						CreatedOnToolsVersion = 26.6;
						TestTargetID = 110000000000000000000060;
					};
				};
			};
			buildConfigurationList = 110000000000000000000091 /* Build configuration list for PBXProject "GymApp" */;
			compatibilityVersion = "Xcode 14.0";
			developmentRegion = en;
			hasScannedForEncodings = 0;
			knownRegions = (
				en,
				Base,
			);
			mainGroup = 110000000000000000000040;
			productRefGroup = 110000000000000000000050 /* Products */;
			projectDirPath = "";
			projectRoot = "";
			targets = (
				110000000000000000000060 /* GymApp */,
				220000000000000000000060 /* GymAppTests */,
			);
		};
/* End PBXProject section */

/* Begin PBXResourcesBuildPhase section */
		110000000000000000000080 /* Resources */ = {
			isa = PBXResourcesBuildPhase;
			buildActionMask = 2147483647;
			files = (
				11000000000000000000000F /* plan.md in Resources */,
				110000000000000000000015 /* Assets.xcassets in Resources */,
				110000000000000000000010 /* 2026-04.md in Resources */,
				110000000000000000000011 /* 2026-05.md in Resources */,
				110000000000000000000012 /* 2026-06.md in Resources */,
				110000000000000000000016 /* exercemus-exercises.json in Resources */,
			);
			runOnlyForDeploymentPostprocessing = 0;
		};
/* End PBXResourcesBuildPhase section */

/* Begin PBXSourcesBuildPhase section */
		110000000000000000000070 /* Sources */ = {
			isa = PBXSourcesBuildPhase;
			buildActionMask = 2147483647;
			files = (
				110000000000000000000001 /* GymAppApp.swift in Sources */,
				110000000000000000000002 /* WorkoutModels.swift in Sources */,
				110000000000000000000003 /* MarkdownWorkoutImporter.swift in Sources */,
				110000000000000000000004 /* WorkoutStore.swift in Sources */,
				110000000000000000000005 /* GymAppRootView.swift in Sources */,
				110000000000000000000006 /* TodayView.swift in Sources */,
				110000000000000000000007 /* ActiveWorkoutView.swift in Sources */,
				110000000000000000000008 /* PlanView.swift in Sources */,
				110000000000000000000009 /* HistoryView.swift in Sources */,
				11000000000000000000000A /* SharedUI.swift in Sources */,
				11000000000000000000000B /* ExerciseCard.swift in Sources */,
				11000000000000000000000C /* SetRowEditor.swift in Sources */,
				11000000000000000000000D /* AddExerciseSheet.swift in Sources */,
				11000000000000000000000E /* SupersetSheet.swift in Sources */,
				110000000000000000000013 /* CalendarView.swift in Sources */,
				110000000000000000000014 /* LogPreviousWorkoutSheet.swift in Sources */,
			);
			runOnlyForDeploymentPostprocessing = 0;
		};
		220000000000000000000070 /* Sources */ = {
			isa = PBXSourcesBuildPhase;
			buildActionMask = 2147483647;
			files = (
				220000000000000000000001 /* SetEntryTests.swift in Sources */,
				220000000000000000000002 /* WorkoutPlanTests.swift in Sources */,
			);
			runOnlyForDeploymentPostprocessing = 0;
		};
/* End PBXSourcesBuildPhase section */

/* Begin PBXTargetDependency section */
		220000000000000000000201 /* PBXTargetDependency */ = {
			isa = PBXTargetDependency;
			target = 110000000000000000000060 /* GymApp */;
			targetProxy = 220000000000000000000200 /* PBXContainerItemProxy */;
		};
/* End PBXTargetDependency section */

/* Begin XCBuildConfiguration section */
		1100000000000000000000A0 /* Debug */ = {
			isa = XCBuildConfiguration;
			buildSettings = {
				ALWAYS_SEARCH_USER_PATHS = NO;
				CLANG_ANALYZER_NONNULL = YES;
				CLANG_ANALYZER_NUMBER_OBJECT_CONVERSION = YES_AGGRESSIVE;
				CLANG_CXX_LANGUAGE_STANDARD = "gnu++20";
				CLANG_ENABLE_MODULES = YES;
				CLANG_ENABLE_OBJC_ARC = YES;
				CLANG_ENABLE_OBJC_WEAK = YES;
				CLANG_WARN_BLOCK_CAPTURE_AUTORELEASING = YES;
				CLANG_WARN_BOOL_CONVERSION = YES;
				CLANG_WARN_COMMA = YES;
				CLANG_WARN_CONSTANT_CONVERSION = YES;
				CLANG_WARN_DEPRECATED_OBJC_IMPLEMENTATIONS = YES;
				CLANG_WARN_DIRECT_OBJC_ISA_USAGE = YES_ERROR;
				CLANG_WARN_DOCUMENTATION_COMMENTS = YES;
				CLANG_WARN_EMPTY_BODY = YES;
				CLANG_WARN_ENUM_CONVERSION = YES;
				CLANG_WARN_INFINITE_RECURSION = YES;
				CLANG_WARN_INT_CONVERSION = YES;
				CLANG_WARN_NON_LITERAL_NULL_CONVERSION = YES;
				CLANG_WARN_OBJC_IMPLICIT_RETAIN_SELF = YES;
				CLANG_WARN_OBJC_LITERAL_CONVERSION = YES;
				CLANG_WARN_OBJC_ROOT_CLASS = YES_ERROR;
				CLANG_WARN_QUOTED_INCLUDE_IN_FRAMEWORK_HEADER = YES;
				CLANG_WARN_RANGE_LOOP_ANALYSIS = YES;
				CLANG_WARN_STRICT_PROTOTYPES = YES;
				CLANG_WARN_SUSPICIOUS_MOVE = YES;
				CLANG_WARN_UNGUARDED_AVAILABILITY = YES_AGGRESSIVE;
				CLANG_WARN_UNREACHABLE_CODE = YES;
				CLANG_WARN__DUPLICATE_METHOD_MATCH = YES;
				COPY_PHASE_STRIP = NO;
				DEBUG_INFORMATION_FORMAT = dwarf;
				ENABLE_STRICT_OBJC_MSGSEND = YES;
				ENABLE_TESTABILITY = YES;
				ENABLE_USER_SCRIPT_SANDBOXING = YES;
				GCC_C_LANGUAGE_STANDARD = gnu17;
				GCC_DYNAMIC_NO_PIC = NO;
				GCC_NO_COMMON_BLOCKS = YES;
				GCC_OPTIMIZATION_LEVEL = 0;
				GCC_PREPROCESSOR_DEFINITIONS = (
					"DEBUG=1",
					"$(inherited)",
				);
				GCC_WARN_64_TO_32_BIT_CONVERSION = YES;
				GCC_WARN_ABOUT_RETURN_TYPE = YES_ERROR;
				GCC_WARN_UNDECLARED_SELECTOR = YES;
				GCC_WARN_UNINITIALIZED_AUTOS = YES_AGGRESSIVE;
				GCC_WARN_UNUSED_FUNCTION = YES;
				GCC_WARN_UNUSED_VARIABLE = YES;
				IPHONEOS_DEPLOYMENT_TARGET = 17.0;
				MTL_ENABLE_DEBUG_INFO = INCLUDE_SOURCE;
				MTL_FAST_MATH = YES;
				ONLY_ACTIVE_ARCH = YES;
				SDKROOT = iphoneos;
				SWIFT_ACTIVE_COMPILATION_CONDITIONS = DEBUG;
			};
			name = Debug;
		};
		1100000000000000000000A1 /* Release */ = {
			isa = XCBuildConfiguration;
			buildSettings = {
				ALWAYS_SEARCH_USER_PATHS = NO;
				CLANG_ANALYZER_NONNULL = YES;
				CLANG_ANALYZER_NUMBER_OBJECT_CONVERSION = YES_AGGRESSIVE;
				CLANG_CXX_LANGUAGE_STANDARD = "gnu++20";
				CLANG_ENABLE_MODULES = YES;
				CLANG_ENABLE_OBJC_ARC = YES;
				CLANG_ENABLE_OBJC_WEAK = YES;
				CLANG_WARN_BLOCK_CAPTURE_AUTORELEASING = YES;
				CLANG_WARN_BOOL_CONVERSION = YES;
				CLANG_WARN_COMMA = YES;
				CLANG_WARN_CONSTANT_CONVERSION = YES;
				CLANG_WARN_DEPRECATED_OBJC_IMPLEMENTATIONS = YES;
				CLANG_WARN_DIRECT_OBJC_ISA_USAGE = YES_ERROR;
				CLANG_WARN_DOCUMENTATION_COMMENTS = YES;
				CLANG_WARN_EMPTY_BODY = YES;
				CLANG_WARN_ENUM_CONVERSION = YES;
				CLANG_WARN_INFINITE_RECURSION = YES;
				CLANG_WARN_INT_CONVERSION = YES;
				CLANG_WARN_NON_LITERAL_NULL_CONVERSION = YES;
				CLANG_WARN_OBJC_IMPLICIT_RETAIN_SELF = YES;
				CLANG_WARN_OBJC_LITERAL_CONVERSION = YES;
				CLANG_WARN_OBJC_ROOT_CLASS = YES_ERROR;
				CLANG_WARN_QUOTED_INCLUDE_IN_FRAMEWORK_HEADER = YES;
				CLANG_WARN_RANGE_LOOP_ANALYSIS = YES;
				CLANG_WARN_STRICT_PROTOTYPES = YES;
				CLANG_WARN_SUSPICIOUS_MOVE = YES;
				CLANG_WARN_UNGUARDED_AVAILABILITY = YES_AGGRESSIVE;
				CLANG_WARN_UNREACHABLE_CODE = YES;
				CLANG_WARN__DUPLICATE_METHOD_MATCH = YES;
				COPY_PHASE_STRIP = NO;
				DEBUG_INFORMATION_FORMAT = "dwarf-with-dsym";
				ENABLE_NS_ASSERTIONS = NO;
				ENABLE_STRICT_OBJC_MSGSEND = YES;
				ENABLE_USER_SCRIPT_SANDBOXING = YES;
				GCC_C_LANGUAGE_STANDARD = gnu17;
				GCC_NO_COMMON_BLOCKS = YES;
				GCC_WARN_64_TO_32_BIT_CONVERSION = YES;
				GCC_WARN_ABOUT_RETURN_TYPE = YES_ERROR;
				GCC_WARN_UNDECLARED_SELECTOR = YES;
				GCC_WARN_UNINITIALIZED_AUTOS = YES_AGGRESSIVE;
				GCC_WARN_UNUSED_FUNCTION = YES;
				GCC_WARN_UNUSED_VARIABLE = YES;
				IPHONEOS_DEPLOYMENT_TARGET = 17.0;
				MTL_ENABLE_DEBUG_INFO = NO;
				MTL_FAST_MATH = YES;
				SDKROOT = iphoneos;
				SWIFT_COMPILATION_MODE = wholemodule;
				VALIDATE_PRODUCT = YES;
			};
			name = Release;
		};
		1100000000000000000000B0 /* Debug */ = {
			isa = XCBuildConfiguration;
			buildSettings = {
				ASSETCATALOG_COMPILER_GLOBAL_ACCENT_COLOR_NAME = AccentColor;
				ASSETCATALOG_COMPILER_APPICON_NAME = AppIcon;
				CODE_SIGN_STYLE = Automatic;
				CURRENT_PROJECT_VERSION = 4;
				DEVELOPMENT_ASSET_PATHS = "";
				DEVELOPMENT_TEAM = JU7RZ24773;
				ENABLE_PREVIEWS = YES;
				GENERATE_INFOPLIST_FILE = YES;
				INFOPLIST_KEY_CFBundleDisplayName = Stacked;
				INFOPLIST_KEY_LSApplicationCategoryType = "public.app-category.healthcare-fitness";
				INFOPLIST_KEY_UILaunchScreen_Generation = YES;
				INFOPLIST_KEY_UIApplicationSceneManifest_Generation = YES;
				IPHONEOS_DEPLOYMENT_TARGET = 17.0;
				LD_RUNPATH_SEARCH_PATHS = (
					"$(inherited)",
					"@executable_path/Frameworks",
				);
				MARKETING_VERSION = 1.0;
				PRODUCT_BUNDLE_IDENTIFIER = com.kevin.stacked;
				PRODUCT_NAME = Stacked;
				SUPPORTED_PLATFORMS = "iphoneos iphonesimulator";
				SUPPORTS_MACCATALYST = NO;
				SUPPORTS_MAC_DESIGNED_FOR_IPHONE_IPAD = NO;
				SUPPORTS_XR_DESIGNED_FOR_IPHONE_IPAD = NO;
				SWIFT_EMIT_LOC_STRINGS = YES;
				SWIFT_VERSION = 5.0;
				TARGETED_DEVICE_FAMILY = 1;
			};
			name = Debug;
		};
		1100000000000000000000B1 /* Release */ = {
			isa = XCBuildConfiguration;
			buildSettings = {
				ASSETCATALOG_COMPILER_GLOBAL_ACCENT_COLOR_NAME = AccentColor;
				ASSETCATALOG_COMPILER_APPICON_NAME = AppIcon;
				CODE_SIGN_STYLE = Automatic;
				CURRENT_PROJECT_VERSION = 4;
				DEVELOPMENT_ASSET_PATHS = "";
				DEVELOPMENT_TEAM = JU7RZ24773;
				ENABLE_PREVIEWS = YES;
				GENERATE_INFOPLIST_FILE = YES;
				INFOPLIST_KEY_CFBundleDisplayName = Stacked;
				INFOPLIST_KEY_LSApplicationCategoryType = "public.app-category.healthcare-fitness";
				INFOPLIST_KEY_UILaunchScreen_Generation = YES;
				INFOPLIST_KEY_UIApplicationSceneManifest_Generation = YES;
				IPHONEOS_DEPLOYMENT_TARGET = 17.0;
				LD_RUNPATH_SEARCH_PATHS = (
					"$(inherited)",
					"@executable_path/Frameworks",
				);
				MARKETING_VERSION = 1.0;
				PRODUCT_BUNDLE_IDENTIFIER = com.kevin.stacked;
				PRODUCT_NAME = Stacked;
				SUPPORTED_PLATFORMS = "iphoneos iphonesimulator";
				SUPPORTS_MACCATALYST = NO;
				SUPPORTS_MAC_DESIGNED_FOR_IPHONE_IPAD = NO;
				SUPPORTS_XR_DESIGNED_FOR_IPHONE_IPAD = NO;
				SWIFT_EMIT_LOC_STRINGS = YES;
				SWIFT_VERSION = 5.0;
				TARGETED_DEVICE_FAMILY = 1;
			};
			name = Release;
		};
		2200000000000000000000B0 /* Debug */ = {
			isa = XCBuildConfiguration;
			buildSettings = {
				BUNDLE_LOADER = "$(TEST_HOST)";
				CODE_SIGN_STYLE = Automatic;
				DEVELOPMENT_TEAM = JU7RZ24773;
				GENERATE_INFOPLIST_FILE = YES;
				IPHONEOS_DEPLOYMENT_TARGET = 17.0;
				PRODUCT_BUNDLE_IDENTIFIER = com.kevin.stacked.tests;
				PRODUCT_NAME = "$(TARGET_NAME)";
				SWIFT_VERSION = 5.0;
				TARGETED_DEVICE_FAMILY = 1;
				TEST_HOST = "$(BUILT_PRODUCTS_DIR)/Stacked.app/$(BUNDLE_EXECUTABLE_FOLDER_PATH)/Stacked";
			};
			name = Debug;
		};
		2200000000000000000000B1 /* Release */ = {
			isa = XCBuildConfiguration;
			buildSettings = {
				BUNDLE_LOADER = "$(TEST_HOST)";
				CODE_SIGN_STYLE = Automatic;
				DEVELOPMENT_TEAM = JU7RZ24773;
				GENERATE_INFOPLIST_FILE = YES;
				IPHONEOS_DEPLOYMENT_TARGET = 17.0;
				PRODUCT_BUNDLE_IDENTIFIER = com.kevin.stacked.tests;
				PRODUCT_NAME = "$(TARGET_NAME)";
				SWIFT_VERSION = 5.0;
				TARGETED_DEVICE_FAMILY = 1;
				TEST_HOST = "$(BUILT_PRODUCTS_DIR)/Stacked.app/$(BUNDLE_EXECUTABLE_FOLDER_PATH)/Stacked";
			};
			name = Release;
		};
/* End XCBuildConfiguration section */

/* Begin XCConfigurationList section */
		110000000000000000000090 /* Build configuration list for PBXNativeTarget "GymApp" */ = {
			isa = XCConfigurationList;
			buildConfigurations = (
				1100000000000000000000B0 /* Debug */,
				1100000000000000000000B1 /* Release */,
			);
			defaultConfigurationIsVisible = 0;
			defaultConfigurationName = Release;
		};
		110000000000000000000091 /* Build configuration list for PBXProject "GymApp" */ = {
			isa = XCConfigurationList;
			buildConfigurations = (
				1100000000000000000000A0 /* Debug */,
				1100000000000000000000A1 /* Release */,
			);
			defaultConfigurationIsVisible = 0;
			defaultConfigurationName = Release;
		};
		220000000000000000000090 /* Build configuration list for PBXNativeTarget "GymAppTests" */ = {
			isa = XCConfigurationList;
			buildConfigurations = (
				2200000000000000000000B0 /* Debug */,
				2200000000000000000000B1 /* Release */,
			);
			defaultConfigurationIsVisible = 0;
			defaultConfigurationName = Release;
		};
/* End XCConfigurationList section */
	};
	rootObject = 110000000000000000000061 /* Project object */;
}
